
Microsoft Visual Studio Solution File, Format Version 12.00
# Visual Studio Version 17
VisualStudioVersion = 17.4.33213.308
MinimumVisualStudioVersion = 10.0.40219.1
Project("{FAE04EC0-301F-11D3-BF4B-00C04F79EFBC}") = "FxForwardExtract", "FxForwardExtract\FxForwardExtract.csproj", "{0C92F222-1EAE-46CC-BBB9-3768FBE34CCE}"
EndProject
Global
	GlobalSection(SolutionConfigurationPlatforms) = preSolution
		Debug|Any CPU = Debug|Any CPU
		Release|Any CPU = Release|Any CPU
	EndGlobalSection
	GlobalSection(ProjectConfigurationPlatforms) = postSolution
		{0C92F222-1EAE-46CC-BBB9-3768FBE34CCE}.Debug|Any CPU.ActiveCfg = Debug|Any CPU
		{0C92F222-1EAE-46CC-BBB9-3768FBE34CCE}.Debug|Any CPU.Build.0 = Debug|Any CPU
		{0C92F222-1EAE-46CC-BBB9-3768FBE34CCE}.Release|Any CPU.ActiveCfg = Release|Any CPU
		{0C92F222-1EAE-46CC-BBB9-3768FBE34CCE}.Release|Any CPU.Build.0 = Release|Any CPU
	EndGlobalSection
	GlobalSection(SolutionProperties) = preSolution
		HideSolutionNode = FALSE
	EndGlobalSection
	GlobalSection(ExtensibilityGlobals) = postSolution
		SolutionGuid = {70945A87-E3E0-45F6-B156-6162C99448ED}
	EndGlobalSection
EndGlobal
